
Microsoft Visual Studio Solution File, Format Version 12.00
# Visual Studio Version 16
VisualStudioVersion = 16.0.30621.155
MinimumVisualStudioVersion = 10.0.40219.1
Project("{FAE04EC0-301F-11D3-BF4B-00C04F79EFBC}") = "WebApplication5", "WebApplication5.csproj", "{C7D40E74-8171-4F04-90AB-4448D8DB5CCE}"
EndProject
Global
	GlobalSection(SolutionConfigurationPlatforms) = preSolution
		Debug|Any CPU = Debug|Any CPU
		Release|Any CPU = Release|Any CPU
	EndGlobalSection
	GlobalSection(ProjectConfigurationPlatforms) = postSolution
		{C7D40E74-8171-4F04-90AB-4448D8DB5CCE}.Debug|Any CPU.ActiveCfg = Debug|Any CPU
		{C7D40E74-8171-4F04-90AB-4448D8DB5CCE}.Debug|Any CPU.Build.0 = Debug|Any CPU
		{C7D40E74-8171-4F04-90AB-4448D8DB5CCE}.Release|Any CPU.ActiveCfg = Release|Any CPU
		{C7D40E74-8171-4F04-90AB-4448D8DB5CCE}.Release|Any CPU.Build.0 = Release|Any CPU
	EndGlobalSection
	GlobalSection(SolutionProperties) = preSolution
		HideSolutionNode = FALSE
	EndGlobalSection
	GlobalSection(ExtensibilityGlobals) = postSolution
		SolutionGuid = {50CAA0C6-2987-4965-B2F9-88A4256986EE}
	EndGlobalSection
EndGlobal
